<?xml version="1.0" encoding="UTF-8" standalone="yes" ?>
<CodeBlocks_project_file>
	<FileVersion major="1" minor="6" />
	<Project>
		<Option title="TpFinalZanino-Sevilla" />
		<Option pch_mode="2" />
		<Option compiler="gcc" />
		<Build>
			<Target title="Debug">
				<Option output="bin/Debug/TpFinalZanino-Sevilla" prefix_auto="1" extension_auto="1" />
				<Option object_output="obj/Debug/" />
				<Option type="1" />
				<Option compiler="gcc" />
				<Compiler>
					<Add option="-g" />
				</Compiler>
			</Target>
			<Target title="Release">
				<Option output="bin/Release/TpFinalZanino-Sevilla" prefix_auto="1" extension_auto="1" />
				<Option object_output="obj/Release/" />
				<Option type="1" />
				<Option compiler="gcc" />
				<Compiler>
					<Add option="-O2" />
				</Compiler>
				<Linker>
					<Add option="-s" />
				</Linker>
			</Target>
		</Build>
		<Compiler>
			<Add option="-Wall" />
			<Add option="-fexceptions" />
		</Compiler>
		<Unit filename="dados.h" />
		<Unit filename="devolverpuntaje.h" />
		<Unit filename="funcionGlobal.h" />
		<Unit filename="funcionMostrarMenu.h" />
		<Unit filename="funcionesPuntaje.h" />
		<Unit filename="main.cpp" />
		<Unit filename="mostrarDados.h" />
		<Unit filename="mostrar_interfaz.h" />
		<Unit filename="rlutil.h" />
		<Unit filename="terminarJuego.h" />
		<Extensions>
			<lib_finder disable_auto="1" />
		</Extensions>
	</Project>
</CodeBlocks_project_file>
